
Microsoft Visual Studio Solution File, Format Version 12.00
# Visual Studio Version 16
VisualStudioVersion = 16.0.31410.357
MinimumVisualStudioVersion = 10.0.40219.1
Project("{FAE04EC0-301F-11D3-BF4B-00C04F79EFBC}") = "AddressBook_Sql", "AddressBook_Sql.csproj", "{582D57AD-C2F4-4419-B119-02781A00AA8C}"
EndProject
Project("{FAE04EC0-301F-11D3-BF4B-00C04F79EFBC}") = "AddressBookDataTest", "..\AddressBookDataTest\AddressBookDataTest.csproj", "{5CD7F69C-5265-480C-8072-E804AD0227A0}"
EndProject
Global
	GlobalSection(SolutionConfigurationPlatforms) = preSolution
		Debug|Any CPU = Debug|Any CPU
		Release|Any CPU = Release|Any CPU
	EndGlobalSection
	GlobalSection(ProjectConfigurationPlatforms) = postSolution
		{582D57AD-C2F4-4419-B119-02781A00AA8C}.Debug|Any CPU.ActiveCfg = Debug|Any CPU
		{582D57AD-C2F4-4419-B119-02781A00AA8C}.Debug|Any CPU.Build.0 = Debug|Any CPU
		{582D57AD-C2F4-4419-B119-02781A00AA8C}.Release|Any CPU.ActiveCfg = Release|Any CPU
		{582D57AD-C2F4-4419-B119-02781A00AA8C}.Release|Any CPU.Build.0 = Release|Any CPU
		{5CD7F69C-5265-480C-8072-E804AD0227A0}.Debug|Any CPU.ActiveCfg = Debug|Any CPU
		{5CD7F69C-5265-480C-8072-E804AD0227A0}.Debug|Any CPU.Build.0 = Debug|Any CPU
		{5CD7F69C-5265-480C-8072-E804AD0227A0}.Release|Any CPU.ActiveCfg = Release|Any CPU
		{5CD7F69C-5265-480C-8072-E804AD0227A0}.Release|Any CPU.Build.0 = Release|Any CPU
	EndGlobalSection
	GlobalSection(SolutionProperties) = preSolution
		HideSolutionNode = FALSE
	EndGlobalSection
	GlobalSection(ExtensibilityGlobals) = postSolution
		SolutionGuid = {70FF6CBE-5B82-4445-9A2F-07C0F58BE20F}
	EndGlobalSection
EndGlobal
